
Microsoft Visual Studio Solution File, Format Version 12.00
# Visual Studio Version 16
VisualStudioVersion = 16.0.31129.286
MinimumVisualStudioVersion = 10.0.40219.1
Project("{6EC3EE1D-3C4E-46DD-8F32-0CC8E7565705}") = "FsRayTracer.Tracer", "FsRayTracer.Tracer\FsRayTracer.Tracer.fsproj", "{5E0500CF-5B3C-4F5A-86BF-BA17E2AB3144}"
EndProject
Project("{6EC3EE1D-3C4E-46DD-8F32-0CC8E7565705}") = "FsRayTracer.Test", "FsRayTracer.Test\FsRayTracer.Test.fsproj", "{E1FAF612-753B-466E-95F8-32015E8AEA06}"
EndProject
Global
	GlobalSection(SolutionConfigurationPlatforms) = preSolution
		Debug|Any CPU = Debug|Any CPU
		Release|Any CPU = Release|Any CPU
	EndGlobalSection
	GlobalSection(ProjectConfigurationPlatforms) = postSolution
		{5E0500CF-5B3C-4F5A-86BF-BA17E2AB3144}.Debug|Any CPU.ActiveCfg = Debug|Any CPU
		{5E0500CF-5B3C-4F5A-86BF-BA17E2AB3144}.Debug|Any CPU.Build.0 = Debug|Any CPU
		{5E0500CF-5B3C-4F5A-86BF-BA17E2AB3144}.Release|Any CPU.ActiveCfg = Release|Any CPU
		{5E0500CF-5B3C-4F5A-86BF-BA17E2AB3144}.Release|Any CPU.Build.0 = Release|Any CPU
		{E1FAF612-753B-466E-95F8-32015E8AEA06}.Debug|Any CPU.ActiveCfg = Debug|Any CPU
		{E1FAF612-753B-466E-95F8-32015E8AEA06}.Debug|Any CPU.Build.0 = Debug|Any CPU
		{E1FAF612-753B-466E-95F8-32015E8AEA06}.Release|Any CPU.ActiveCfg = Release|Any CPU
		{E1FAF612-753B-466E-95F8-32015E8AEA06}.Release|Any CPU.Build.0 = Release|Any CPU
	EndGlobalSection
	GlobalSection(SolutionProperties) = preSolution
		HideSolutionNode = FALSE
	EndGlobalSection
	GlobalSection(ExtensibilityGlobals) = postSolution
		SolutionGuid = {53E1AC17-F085-4C78-80BA-CDE85EC74D62}
	EndGlobalSection
EndGlobal
